
Microsoft Visual Studio Solution File, Format Version 12.00
# Visual Studio Version 17
VisualStudioVersion = 17.5.33502.453
MinimumVisualStudioVersion = 10.0.40219.1
Project("{FAE04EC0-301F-11D3-BF4B-00C04F79EFBC}") = "Edukator.PresentationLayer", "Edukator.PresentationLayer\Edukator.PresentationLayer.csproj", "{7505A52E-5771-46A8-8A6C-08676BF477D9}"
EndProject
Project("{FAE04EC0-301F-11D3-BF4B-00C04F79EFBC}") = "Edukator.EntityLayer", "Edukator.EntityLayer\Edukator.EntityLayer.csproj", "{08257465-B8E9-493B-A0E3-19C1570CE334}"
EndProject
Project("{FAE04EC0-301F-11D3-BF4B-00C04F79EFBC}") = "Edukator.DataAccessLayer", "Edukator.DataAccessLayer\Edukator.DataAccessLayer.csproj", "{324C85DB-36FD-492F-872B-0CB260E6570E}"
EndProject
Project("{FAE04EC0-301F-11D3-BF4B-00C04F79EFBC}") = "Edukator.BusinessLayer", "Edukator.BusinessLayer\Edukator.BusinessLayer.csproj", "{7175277C-FECE-49A6-9926-ED7B5808014C}"
EndProject
Project("{FAE04EC0-301F-11D3-BF4B-00C04F79EFBC}") = "Edukator.DtoLayer", "Edukator.DtoLayer\Edukator.DtoLayer.csproj", "{8DCBE252-D3DB-4A8F-A51C-73845CBE9880}"
EndProject
Global
	GlobalSection(SolutionConfigurationPlatforms) = preSolution
		Debug|Any CPU = Debug|Any CPU
		Release|Any CPU = Release|Any CPU
	EndGlobalSection
	GlobalSection(ProjectConfigurationPlatforms) = postSolution
		{7505A52E-5771-46A8-8A6C-08676BF477D9}.Debug|Any CPU.ActiveCfg = Debug|Any CPU
		{7505A52E-5771-46A8-8A6C-08676BF477D9}.Debug|Any CPU.Build.0 = Debug|Any CPU
		{7505A52E-5771-46A8-8A6C-08676BF477D9}.Release|Any CPU.ActiveCfg = Release|Any CPU
		{7505A52E-5771-46A8-8A6C-08676BF477D9}.Release|Any CPU.Build.0 = Release|Any CPU
		{08257465-B8E9-493B-A0E3-19C1570CE334}.Debug|Any CPU.ActiveCfg = Debug|Any CPU
		{08257465-B8E9-493B-A0E3-19C1570CE334}.Debug|Any CPU.Build.0 = Debug|Any CPU
		{08257465-B8E9-493B-A0E3-19C1570CE334}.Release|Any CPU.ActiveCfg = Release|Any CPU
		{08257465-B8E9-493B-A0E3-19C1570CE334}.Release|Any CPU.Build.0 = Release|Any CPU
		{324C85DB-36FD-492F-872B-0CB260E6570E}.Debug|Any CPU.ActiveCfg = Debug|Any CPU
		{324C85DB-36FD-492F-872B-0CB260E6570E}.Debug|Any CPU.Build.0 = Debug|Any CPU
		{324C85DB-36FD-492F-872B-0CB260E6570E}.Release|Any CPU.ActiveCfg = Release|Any CPU
		{324C85DB-36FD-492F-872B-0CB260E6570E}.Release|Any CPU.Build.0 = Release|Any CPU
		{7175277C-FECE-49A6-9926-ED7B5808014C}.Debug|Any CPU.ActiveCfg = Debug|Any CPU
		{7175277C-FECE-49A6-9926-ED7B5808014C}.Debug|Any CPU.Build.0 = Debug|Any CPU
		{7175277C-FECE-49A6-9926-ED7B5808014C}.Release|Any CPU.ActiveCfg = Release|Any CPU
		{7175277C-FECE-49A6-9926-ED7B5808014C}.Release|Any CPU.Build.0 = Release|Any CPU
		{8DCBE252-D3DB-4A8F-A51C-73845CBE9880}.Debug|Any CPU.ActiveCfg = Debug|Any CPU
		{8DCBE252-D3DB-4A8F-A51C-73845CBE9880}.Debug|Any CPU.Build.0 = Debug|Any CPU
		{8DCBE252-D3DB-4A8F-A51C-73845CBE9880}.Release|Any CPU.ActiveCfg = Release|Any CPU
		{8DCBE252-D3DB-4A8F-A51C-73845CBE9880}.Release|Any CPU.Build.0 = Release|Any CPU
	EndGlobalSection
	GlobalSection(SolutionProperties) = preSolution
		HideSolutionNode = FALSE
	EndGlobalSection
	GlobalSection(ExtensibilityGlobals) = postSolution
		SolutionGuid = {1E0BE6FA-8E47-4130-9FAE-4054AF1DA347}
	EndGlobalSection
EndGlobal
